{
  "name": "smoke-run",
  "version": "1.2.0",
  "lockfileVersion": 2,
  "requires": true,
  "packages": {
    "": {
      "version": "1.2.0",
      "license": "MIT",
      "bin": {
        "smoke-run": "smoke-run"
      },
      "devDependencies": {
        "@types/node": "^14.14.10",
        "smoke-task": "^1.1.4",
        "typescript": "^4.2.4"
      }
    },
    "node_modules/@types/node": {
      "version": "14.14.41",
      "resolved": "https://registry.npmjs.org/@types/node/-/node-14.14.41.tgz",
      "integrity": "sha512-dueRKfaJL4RTtSa7bWeTK1M+VH+Gns73oCgzvYfHZywRCoPSd8EkXBL0mZ9unPTveBn+D9phZBaxuzpwjWkW0g==",
      "dev": true
    },
    "node_modules/smoke-task": {
      "version": "1.1.4",
      "resolved": "https://registry.npmjs.org/smoke-task/-/smoke-task-1.1.4.tgz",
      "integrity": "sha512-BbgBKIbwg19bNt847PQgFJUgxPniPv6ETZ6u+yF8QSPfO+lfjNKpmjrrJgaUgbLDHT3iZ589kRqwg5rieTTTlA==",
      "dev": true,
      "license": "MIT",
      "bin": {
        "smoke-task": "start.js"
      }
    },
    "node_modules/typescript": {
      "version": "4.2.4",
      "resolved": "https://registry.npmjs.org/typescript/-/typescript-4.2.4.tgz",
      "integrity": "sha512-V+evlYHZnQkaz8TRBuxTA92yZBPotr5H+WhQ7bD3hZUndx5tGOa1fuCgeSjxAzM1RiN5IzvadIXTVefuuwZCRg==",
      "dev": true,
      "bin": {
        "tsc": "bin/tsc",
        "tsserver": "bin/tsserver"
      },
      "engines": {
        "node": ">=4.2.0"
      }
    }
  },
  "dependencies": {
    "@types/node": {
      "version": "14.14.41",
      "resolved": "https://registry.npmjs.org/@types/node/-/node-14.14.41.tgz",
      "integrity": "sha512-dueRKfaJL4RTtSa7bWeTK1M+VH+Gns73oCgzvYfHZywRCoPSd8EkXBL0mZ9unPTveBn+D9phZBaxuzpwjWkW0g==",
      "dev": true
    },
    "smoke-task": {
      "version": "1.1.4",
      "resolved": "https://registry.npmjs.org/smoke-task/-/smoke-task-1.1.4.tgz",
      "integrity": "sha512-BbgBKIbwg19bNt847PQgFJUgxPniPv6ETZ6u+yF8QSPfO+lfjNKpmjrrJgaUgbLDHT3iZ589kRqwg5rieTTTlA==",
      "dev": true
    },
    "typescript": {
      "version": "4.2.4",
      "resolved": "https://registry.npmjs.org/typescript/-/typescript-4.2.4.tgz",
      "integrity": "sha512-V+evlYHZnQkaz8TRBuxTA92yZBPotr5H+WhQ7bD3hZUndx5tGOa1fuCgeSjxAzM1RiN5IzvadIXTVefuuwZCRg==",
      "dev": true
    }
  }
}
